
Microsoft Visual Studio Solution File, Format Version 12.00
# Visual Studio Version 17
VisualStudioVersion = 17.0.31903.59
MinimumVisualStudioVersion = 10.0.40219.1
Project("{2150E333-8FDC-42A3-9474-1A3956D46DE8}") = "src", "src", "{9C5302DF-FF1F-4CDB-A30E-30742B3F9DE7}"
EndProject
Project("{FAE04EC0-301F-11D3-BF4B-00C04F79EFBC}") = "DotEventOutbox.Contracts", "src\DotEventOutbox.Contracts\DotEventOutbox.Contracts.csproj", "{36676A25-1E8F-407A-BDC9-FB654596F249}"
EndProject
Project("{FAE04EC0-301F-11D3-BF4B-00C04F79EFBC}") = "DotEventOutbox.Demo", "src\DotEventOutbox.Demo\DotEventOutbox.Demo.csproj", "{72569085-2DFE-44EA-A446-901DDD2B6545}"
EndProject
Project("{FAE04EC0-301F-11D3-BF4B-00C04F79EFBC}") = "DotEventOutbox", "src\DotEventOutbox\DotEventOutbox.csproj", "{B008C7DD-86D8-4D3C-8A21-13302F0510F1}"
EndProject
Global
	GlobalSection(SolutionConfigurationPlatforms) = preSolution
		Debug|Any CPU = Debug|Any CPU
		Release|Any CPU = Release|Any CPU
	EndGlobalSection
	GlobalSection(SolutionProperties) = preSolution
		HideSolutionNode = FALSE
	EndGlobalSection
	GlobalSection(ProjectConfigurationPlatforms) = postSolution
		{36676A25-1E8F-407A-BDC9-FB654596F249}.Debug|Any CPU.ActiveCfg = Debug|Any CPU
		{36676A25-1E8F-407A-BDC9-FB654596F249}.Debug|Any CPU.Build.0 = Debug|Any CPU
		{36676A25-1E8F-407A-BDC9-FB654596F249}.Release|Any CPU.ActiveCfg = Release|Any CPU
		{36676A25-1E8F-407A-BDC9-FB654596F249}.Release|Any CPU.Build.0 = Release|Any CPU
		{72569085-2DFE-44EA-A446-901DDD2B6545}.Debug|Any CPU.ActiveCfg = Debug|Any CPU
		{72569085-2DFE-44EA-A446-901DDD2B6545}.Debug|Any CPU.Build.0 = Debug|Any CPU
		{72569085-2DFE-44EA-A446-901DDD2B6545}.Release|Any CPU.ActiveCfg = Release|Any CPU
		{72569085-2DFE-44EA-A446-901DDD2B6545}.Release|Any CPU.Build.0 = Release|Any CPU
		{B008C7DD-86D8-4D3C-8A21-13302F0510F1}.Debug|Any CPU.ActiveCfg = Debug|Any CPU
		{B008C7DD-86D8-4D3C-8A21-13302F0510F1}.Debug|Any CPU.Build.0 = Debug|Any CPU
		{B008C7DD-86D8-4D3C-8A21-13302F0510F1}.Release|Any CPU.ActiveCfg = Release|Any CPU
		{B008C7DD-86D8-4D3C-8A21-13302F0510F1}.Release|Any CPU.Build.0 = Release|Any CPU
	EndGlobalSection
	GlobalSection(NestedProjects) = preSolution
		{36676A25-1E8F-407A-BDC9-FB654596F249} = {9C5302DF-FF1F-4CDB-A30E-30742B3F9DE7}
		{72569085-2DFE-44EA-A446-901DDD2B6545} = {9C5302DF-FF1F-4CDB-A30E-30742B3F9DE7}
		{B008C7DD-86D8-4D3C-8A21-13302F0510F1} = {9C5302DF-FF1F-4CDB-A30E-30742B3F9DE7}
	EndGlobalSection
EndGlobal
